
Microsoft Visual Studio Solution File, Format Version 12.00
# Visual Studio Version 17
VisualStudioVersion = 17.3.32901.215
MinimumVisualStudioVersion = 10.0.40219.1
Project("{9A19103F-16F7-4668-BE54-9A1E7A4F7556}") = "SMS_MVCDTO", "SMS_MVCDTO.csproj", "{C5E5D1E8-C43B-49F9-967D-58272A095B57}"
EndProject
Global
	GlobalSection(SolutionConfigurationPlatforms) = preSolution
		Debug|Any CPU = Debug|Any CPU
		Release|Any CPU = Release|Any CPU
	EndGlobalSection
	GlobalSection(ProjectConfigurationPlatforms) = postSolution
		{C5E5D1E8-C43B-49F9-967D-58272A095B57}.Debug|Any CPU.ActiveCfg = Debug|Any CPU
		{C5E5D1E8-C43B-49F9-967D-58272A095B57}.Debug|Any CPU.Build.0 = Debug|Any CPU
		{C5E5D1E8-C43B-49F9-967D-58272A095B57}.Release|Any CPU.ActiveCfg = Release|Any CPU
		{C5E5D1E8-C43B-49F9-967D-58272A095B57}.Release|Any CPU.Build.0 = Release|Any CPU
	EndGlobalSection
	GlobalSection(SolutionProperties) = preSolution
		HideSolutionNode = FALSE
	EndGlobalSection
	GlobalSection(ExtensibilityGlobals) = postSolution
		SolutionGuid = {54720485-CB33-494B-B70C-102AD4860461}
	EndGlobalSection
EndGlobal
