
Microsoft Visual Studio Solution File, Format Version 12.00
# Visual Studio Version 17
VisualStudioVersion = 17.3.32901.215
MinimumVisualStudioVersion = 10.0.40219.1
Project("{FAE04EC0-301F-11D3-BF4B-00C04F79EFBC}") = "SMS_MVCDTO", "SMS_MVCDTO.csproj", "{3680D147-46EE-4D25-AE41-515CF5EDBACE}"
EndProject
Global
	GlobalSection(SolutionConfigurationPlatforms) = preSolution
		Debug|Any CPU = Debug|Any CPU
		Release|Any CPU = Release|Any CPU
	EndGlobalSection
	GlobalSection(ProjectConfigurationPlatforms) = postSolution
		{3680D147-46EE-4D25-AE41-515CF5EDBACE}.Debug|Any CPU.ActiveCfg = Debug|Any CPU
		{3680D147-46EE-4D25-AE41-515CF5EDBACE}.Debug|Any CPU.Build.0 = Debug|Any CPU
		{3680D147-46EE-4D25-AE41-515CF5EDBACE}.Release|Any CPU.ActiveCfg = Release|Any CPU
		{3680D147-46EE-4D25-AE41-515CF5EDBACE}.Release|Any CPU.Build.0 = Release|Any CPU
	EndGlobalSection
	GlobalSection(SolutionProperties) = preSolution
		HideSolutionNode = FALSE
	EndGlobalSection
	GlobalSection(ExtensibilityGlobals) = postSolution
		SolutionGuid = {45EF0870-6D07-4F69-AC56-4B6427A09CA0}
	EndGlobalSection
EndGlobal
